
Microsoft Visual Studio Solution File, Format Version 12.00
# Visual Studio 15
VisualStudioVersion = 15.0.27130.2027
MinimumVisualStudioVersion = 10.0.40219.1
Project("{FAE04EC0-301F-11D3-BF4B-00C04F79EFBC}") = "RichTextBox.Done", "RichTextBox.Done\RichTextBox.Done.csproj", "{37AF70FB-3772-4768-8055-CBF1EAB51621}"
EndProject
Project("{FAE04EC0-301F-11D3-BF4B-00C04F79EFBC}") = "RichTextBox", "RichTextBox\RichTextBox.csproj", "{A868F411-C27B-42D1-98DE-51375EF87FE2}"
EndProject
Global
	GlobalSection(SolutionConfigurationPlatforms) = preSolution
		Debug|Any CPU = Debug|Any CPU
		Release|Any CPU = Release|Any CPU
	EndGlobalSection
	GlobalSection(ProjectConfigurationPlatforms) = postSolution
		{37AF70FB-3772-4768-8055-CBF1EAB51621}.Debug|Any CPU.ActiveCfg = Debug|Any CPU
		{37AF70FB-3772-4768-8055-CBF1EAB51621}.Debug|Any CPU.Build.0 = Debug|Any CPU
		{37AF70FB-3772-4768-8055-CBF1EAB51621}.Release|Any CPU.ActiveCfg = Release|Any CPU
		{37AF70FB-3772-4768-8055-CBF1EAB51621}.Release|Any CPU.Build.0 = Release|Any CPU
		{A868F411-C27B-42D1-98DE-51375EF87FE2}.Debug|Any CPU.ActiveCfg = Debug|Any CPU
		{A868F411-C27B-42D1-98DE-51375EF87FE2}.Debug|Any CPU.Build.0 = Debug|Any CPU
		{A868F411-C27B-42D1-98DE-51375EF87FE2}.Release|Any CPU.ActiveCfg = Release|Any CPU
		{A868F411-C27B-42D1-98DE-51375EF87FE2}.Release|Any CPU.Build.0 = Release|Any CPU
	EndGlobalSection
	GlobalSection(SolutionProperties) = preSolution
		HideSolutionNode = FALSE
	EndGlobalSection
	GlobalSection(ExtensibilityGlobals) = postSolution
		SolutionGuid = {C8FFEA09-6939-4BF2-8A80-6397CDB55F56}
	EndGlobalSection
EndGlobal
