
Microsoft Visual Studio Solution File, Format Version 12.00
# Visual Studio 15
VisualStudioVersion = 15.0.27130.2027
MinimumVisualStudioVersion = 10.0.40219.1
Project("{FAE04EC0-301F-11D3-BF4B-00C04F79EFBC}") = "Containers.Done", "Containers.Done\Containers.Done.csproj", "{622E4609-AD59-4CE3-914E-68F74F5A336D}"
EndProject
Project("{FAE04EC0-301F-11D3-BF4B-00C04F79EFBC}") = "Containers", "Containers\Containers.csproj", "{EE769F7C-E0CB-4431-9B8E-3A270F354820}"
EndProject
Global
	GlobalSection(SolutionConfigurationPlatforms) = preSolution
		Debug|Any CPU = Debug|Any CPU
		Release|Any CPU = Release|Any CPU
	EndGlobalSection
	GlobalSection(ProjectConfigurationPlatforms) = postSolution
		{622E4609-AD59-4CE3-914E-68F74F5A336D}.Debug|Any CPU.ActiveCfg = Debug|Any CPU
		{622E4609-AD59-4CE3-914E-68F74F5A336D}.Debug|Any CPU.Build.0 = Debug|Any CPU
		{622E4609-AD59-4CE3-914E-68F74F5A336D}.Release|Any CPU.ActiveCfg = Release|Any CPU
		{622E4609-AD59-4CE3-914E-68F74F5A336D}.Release|Any CPU.Build.0 = Release|Any CPU
		{EE769F7C-E0CB-4431-9B8E-3A270F354820}.Debug|Any CPU.ActiveCfg = Debug|Any CPU
		{EE769F7C-E0CB-4431-9B8E-3A270F354820}.Debug|Any CPU.Build.0 = Debug|Any CPU
		{EE769F7C-E0CB-4431-9B8E-3A270F354820}.Release|Any CPU.ActiveCfg = Release|Any CPU
		{EE769F7C-E0CB-4431-9B8E-3A270F354820}.Release|Any CPU.Build.0 = Release|Any CPU
	EndGlobalSection
	GlobalSection(SolutionProperties) = preSolution
		HideSolutionNode = FALSE
	EndGlobalSection
	GlobalSection(ExtensibilityGlobals) = postSolution
		SolutionGuid = {4ABEF6DA-0A90-40DA-8FB8-157275A6E836}
	EndGlobalSection
EndGlobal
