
Microsoft Visual Studio Solution File, Format Version 12.00
# Visual Studio 15
VisualStudioVersion = 15.0.27130.2027
MinimumVisualStudioVersion = 10.0.40219.1
Project("{FAE04EC0-301F-11D3-BF4B-00C04F79EFBC}") = "Margin_Padding.Done", "Margin_Padding\Margin_Padding.Done.csproj", "{553970B1-5624-4F46-BF98-EA83112F24A1}"
EndProject
Global
	GlobalSection(SolutionConfigurationPlatforms) = preSolution
		Debug|Any CPU = Debug|Any CPU
		Release|Any CPU = Release|Any CPU
	EndGlobalSection
	GlobalSection(ProjectConfigurationPlatforms) = postSolution
		{553970B1-5624-4F46-BF98-EA83112F24A1}.Debug|Any CPU.ActiveCfg = Debug|Any CPU
		{553970B1-5624-4F46-BF98-EA83112F24A1}.Debug|Any CPU.Build.0 = Debug|Any CPU
		{553970B1-5624-4F46-BF98-EA83112F24A1}.Release|Any CPU.ActiveCfg = Release|Any CPU
		{553970B1-5624-4F46-BF98-EA83112F24A1}.Release|Any CPU.Build.0 = Release|Any CPU
	EndGlobalSection
	GlobalSection(SolutionProperties) = preSolution
		HideSolutionNode = FALSE
	EndGlobalSection
	GlobalSection(ExtensibilityGlobals) = postSolution
		SolutionGuid = {BFCE5688-C374-4341-9675-C3ED2A01D269}
	EndGlobalSection
EndGlobal
